
Microsoft Visual Studio Solution File, Format Version 12.00
# Visual Studio Version 16
VisualStudioVersion = 16.0.29102.190
MinimumVisualStudioVersion = 10.0.40219.1
Project("{9A19103F-16F7-4668-BE54-9A1E7A4F7556}") = "CellWars.Async", "src\CellWars.Async\CellWars.Async.csproj", "{B3C8DCFF-4693-4C33-909B-D188DAF163B4}"
EndProject
Project("{9A19103F-16F7-4668-BE54-9A1E7A4F7556}") = "CellWars.Async.Tests", "test\CellWars.Async.Tests\CellWars.Async.Tests.csproj", "{80C3DE5D-DDCE-4D69-ADA6-E6B7C8298A66}"
EndProject
Global
	GlobalSection(SolutionConfigurationPlatforms) = preSolution
		Debug|Any CPU = Debug|Any CPU
		Release|Any CPU = Release|Any CPU
	EndGlobalSection
	GlobalSection(ProjectConfigurationPlatforms) = postSolution
		{B3C8DCFF-4693-4C33-909B-D188DAF163B4}.Debug|Any CPU.ActiveCfg = Debug|Any CPU
		{B3C8DCFF-4693-4C33-909B-D188DAF163B4}.Debug|Any CPU.Build.0 = Debug|Any CPU
		{B3C8DCFF-4693-4C33-909B-D188DAF163B4}.Release|Any CPU.ActiveCfg = Release|Any CPU
		{B3C8DCFF-4693-4C33-909B-D188DAF163B4}.Release|Any CPU.Build.0 = Release|Any CPU
		{80C3DE5D-DDCE-4D69-ADA6-E6B7C8298A66}.Debug|Any CPU.ActiveCfg = Debug|Any CPU
		{80C3DE5D-DDCE-4D69-ADA6-E6B7C8298A66}.Debug|Any CPU.Build.0 = Debug|Any CPU
		{80C3DE5D-DDCE-4D69-ADA6-E6B7C8298A66}.Release|Any CPU.ActiveCfg = Release|Any CPU
		{80C3DE5D-DDCE-4D69-ADA6-E6B7C8298A66}.Release|Any CPU.Build.0 = Release|Any CPU
	EndGlobalSection
	GlobalSection(SolutionProperties) = preSolution
		HideSolutionNode = FALSE
	EndGlobalSection
	GlobalSection(ExtensibilityGlobals) = postSolution
		SolutionGuid = {F2D27F8D-AECB-44B9-836F-9140ADE3CBC2}
	EndGlobalSection
EndGlobal
